
Microsoft Visual Studio Solution File, Format Version 12.00
# Visual Studio Version 16
VisualStudioVersion = 16.0.31105.61
MinimumVisualStudioVersion = 10.0.40219.1
Project("{2150E333-8FDC-42A3-9474-1A3956D46DE8}") = "Services", "Services", "{7893D0D0-284F-4BCF-B0A4-E0D1D1DFA780}"
EndProject
Project("{9A19103F-16F7-4668-BE54-9A1E7A4F7556}") = "Contact.API", "Services\Contact.API\Contact.API.csproj", "{7878FC42-CC2E-44A3-AAB1-A197C3E86DC1}"
EndProject
Project("{2150E333-8FDC-42A3-9474-1A3956D46DE8}") = "Libraries", "Libraries", "{BD6BCCD2-3AFB-4ED9-A8E2-A1F5E09F8D3C}"
EndProject
Project("{2150E333-8FDC-42A3-9474-1A3956D46DE8}") = "Solutions", "Solutions", "{61BA90B7-227C-495C-B5D2-6433495A6574}"
	ProjectSection(SolutionItems) = preProject
		Readme.txt = Readme.txt
	EndProjectSection
EndProject
Global
	GlobalSection(SolutionConfigurationPlatforms) = preSolution
		Debug|Any CPU = Debug|Any CPU
		Release|Any CPU = Release|Any CPU
	EndGlobalSection
	GlobalSection(ProjectConfigurationPlatforms) = postSolution
		{7878FC42-CC2E-44A3-AAB1-A197C3E86DC1}.Debug|Any CPU.ActiveCfg = Debug|Any CPU
		{7878FC42-CC2E-44A3-AAB1-A197C3E86DC1}.Debug|Any CPU.Build.0 = Debug|Any CPU
		{7878FC42-CC2E-44A3-AAB1-A197C3E86DC1}.Release|Any CPU.ActiveCfg = Release|Any CPU
		{7878FC42-CC2E-44A3-AAB1-A197C3E86DC1}.Release|Any CPU.Build.0 = Release|Any CPU
	EndGlobalSection
	GlobalSection(SolutionProperties) = preSolution
		HideSolutionNode = FALSE
	EndGlobalSection
	GlobalSection(NestedProjects) = preSolution
		{7878FC42-CC2E-44A3-AAB1-A197C3E86DC1} = {7893D0D0-284F-4BCF-B0A4-E0D1D1DFA780}
	EndGlobalSection
	GlobalSection(ExtensibilityGlobals) = postSolution
		SolutionGuid = {72C03C0A-6EA0-41F1-BE02-3F49FF63C2AE}
	EndGlobalSection
EndGlobal
